{
  "originHash" : "79dce5428caa1405ac606b31abf83743efd0ac04437577c389c94171977200ce",
  "pins" : [
    {
      "identity" : "ios-places-sdk",
      "kind" : "remoteSourceControl",
      "location" : "https://github.com/googlemaps/ios-places-sdk",
      "state" : {
        "revision" : "543f4daeaf92200d18bebca6d3cec0864414769d",
        "version" : "11.0.0"
      }
    }
  ],
  "version" : 3
}
